
Microsoft Visual Studio Solution File, Format Version 12.00
# Visual Studio Version 17
VisualStudioVersion = 17.0.32014.148
MinimumVisualStudioVersion = 10.0.40219.1
Project("{FAE04EC0-301F-11D3-BF4B-00C04F79EFBC}") = "Sample2", "Sample2.csproj", "{CE0417D1-0536-4771-B796-F92F0486DAE0}"
EndProject
Global
	GlobalSection(SolutionConfigurationPlatforms) = preSolution
		Debug|Any CPU = Debug|Any CPU
		Release|Any CPU = Release|Any CPU
	EndGlobalSection
	GlobalSection(ProjectConfigurationPlatforms) = postSolution
		{CE0417D1-0536-4771-B796-F92F0486DAE0}.Debug|Any CPU.ActiveCfg = Debug|Any CPU
		{CE0417D1-0536-4771-B796-F92F0486DAE0}.Debug|Any CPU.Build.0 = Debug|Any CPU
		{CE0417D1-0536-4771-B796-F92F0486DAE0}.Release|Any CPU.ActiveCfg = Release|Any CPU
		{CE0417D1-0536-4771-B796-F92F0486DAE0}.Release|Any CPU.Build.0 = Release|Any CPU
	EndGlobalSection
	GlobalSection(SolutionProperties) = preSolution
		HideSolutionNode = FALSE
	EndGlobalSection
	GlobalSection(ExtensibilityGlobals) = postSolution
		SolutionGuid = {14F75FF6-BA48-488D-B43C-7724B28109D0}
	EndGlobalSection
EndGlobal
